// !$*UTF8*$!
{
	archiveVersion = 1;
	classes = {
	};
	objectVersion = 56;
	objects = {

/* Begin PBXBuildFile section */
		876EC4332B9055B7009D0DDD /* DatePicker.swift in Sources */ = {isa = PBXBuildFile; fileRef = 876EC4322B9055B7009D0DDD /* DatePicker.swift */; };
		87A0EFFE2B7CB50300011699 /* PopVC.swift in Sources */ = {isa = PBXBuildFile; fileRef = 87A0EFFD2B7CB50300011699 /* PopVC.swift */; };
		87A0F0002B7CB53D00011699 /* PopVC.storyboard in Resources */ = {isa = PBXBuildFile; fileRef = 87A0EFFF2B7CB53D00011699 /* PopVC.storyboard */; };
		87A0F0022B7CB62B00011699 /* ContentVC.swift in Sources */ = {isa = PBXBuildFile; fileRef = 87A0F0012B7CB62B00011699 /* ContentVC.swift */; };
		87AAF4162B75100000FB6B56 /* MainVC.swift in Sources */ = {isa = PBXBuildFile; fileRef = 87AAF4152B75100000FB6B56 /* MainVC.swift */; };
		87AAF4182B75108D00FB6B56 /* MainCell.swift in Sources */ = {isa = PBXBuildFile; fileRef = 87AAF4172B75108D00FB6B56 /* MainCell.swift */; };
		87AAF41A2B7510BB00FB6B56 /* MainCell.xib in Resources */ = {isa = PBXBuildFile; fileRef = 87AAF4192B7510BB00FB6B56 /* MainCell.xib */; };
		87AAF41D2B75151200FB6B56 /* NotificationV5Cell.xib in Resources */ = {isa = PBXBuildFile; fileRef = 87AAF41B2B75151200FB6B56 /* NotificationV5Cell.xib */; };
		87AAF41E2B75151200FB6B56 /* NotificationV5Cell.swift in Sources */ = {isa = PBXBuildFile; fileRef = 87AAF41C2B75151200FB6B56 /* NotificationV5Cell.swift */; };
		87C5C4D72B63B45A009C32A9 /* NestedScrollView.swift in Sources */ = {isa = PBXBuildFile; fileRef = 87C5C4D62B63B45A009C32A9 /* NestedScrollView.swift */; };
		87CD1AEC2B60ECFE00DAFD90 /* AppDelegate.swift in Sources */ = {isa = PBXBuildFile; fileRef = 87CD1AEB2B60ECFE00DAFD90 /* AppDelegate.swift */; };
		87CD1AEE2B60ECFE00DAFD90 /* SceneDelegate.swift in Sources */ = {isa = PBXBuildFile; fileRef = 87CD1AED2B60ECFE00DAFD90 /* SceneDelegate.swift */; };
		87CD1AF32B60ECFE00DAFD90 /* Main.storyboard in Resources */ = {isa = PBXBuildFile; fileRef = 87CD1AF12B60ECFE00DAFD90 /* Main.storyboard */; };
		87CD1AF52B60ED0000DAFD90 /* Assets.xcassets in Resources */ = {isa = PBXBuildFile; fileRef = 87CD1AF42B60ED0000DAFD90 /* Assets.xcassets */; };
		87CD1AF82B60ED0000DAFD90 /* LaunchScreen.storyboard in Resources */ = {isa = PBXBuildFile; fileRef = 87CD1AF62B60ED0000DAFD90 /* LaunchScreen.storyboard */; };
		87CD1B032B60F75000DAFD90 /* LMPhotoShowCell.xib in Resources */ = {isa = PBXBuildFile; fileRef = 87CD1B002B60F75000DAFD90 /* LMPhotoShowCell.xib */; };
		87CD1B042B60F75000DAFD90 /* LMPhotoShowVC.swift in Sources */ = {isa = PBXBuildFile; fileRef = 87CD1B012B60F75000DAFD90 /* LMPhotoShowVC.swift */; };
		87CD1B052B60F75000DAFD90 /* LMPhotoShowCell.swift in Sources */ = {isa = PBXBuildFile; fileRef = 87CD1B022B60F75000DAFD90 /* LMPhotoShowCell.swift */; };
		87CD1B072B60F78E00DAFD90 /* WaterFallFlowLayout.swift in Sources */ = {isa = PBXBuildFile; fileRef = 87CD1B062B60F78E00DAFD90 /* WaterFallFlowLayout.swift */; };
		87D4AE352B8523C900D39FA0 /* LMDropView.swift in Sources */ = {isa = PBXBuildFile; fileRef = 87D4AE342B8523C900D39FA0 /* LMDropView.swift */; };
		A81E56B1F4EBA71A15B17410 /* Pods_NewUITest.framework in Frameworks */ = {isa = PBXBuildFile; fileRef = 3BB6C01C3ECE8D5547DD6805 /* Pods_NewUITest.framework */; };
/* End PBXBuildFile section */

/* Begin PBXFileReference section */
		3BB6C01C3ECE8D5547DD6805 /* Pods_NewUITest.framework */ = {isa = PBXFileReference; explicitFileType = wrapper.framework; includeInIndex = 0; path = Pods_NewUITest.framework; sourceTree = BUILT_PRODUCTS_DIR; };
		876EC4322B9055B7009D0DDD /* DatePicker.swift */ = {isa = PBXFileReference; lastKnownFileType = sourcecode.swift; path = DatePicker.swift; sourceTree = "<group>"; };
		87A0EFFD2B7CB50300011699 /* PopVC.swift */ = {isa = PBXFileReference; lastKnownFileType = sourcecode.swift; path = PopVC.swift; sourceTree = "<group>"; };
		87A0EFFF2B7CB53D00011699 /* PopVC.storyboard */ = {isa = PBXFileReference; lastKnownFileType = file.storyboard; path = PopVC.storyboard; sourceTree = "<group>"; };
		87A0F0012B7CB62B00011699 /* ContentVC.swift */ = {isa = PBXFileReference; lastKnownFileType = sourcecode.swift; path = ContentVC.swift; sourceTree = "<group>"; };
		87AAF4152B75100000FB6B56 /* MainVC.swift */ = {isa = PBXFileReference; lastKnownFileType = sourcecode.swift; path = MainVC.swift; sourceTree = "<group>"; };
		87AAF4172B75108D00FB6B56 /* MainCell.swift */ = {isa = PBXFileReference; lastKnownFileType = sourcecode.swift; path = MainCell.swift; sourceTree = "<group>"; };
		87AAF4192B7510BB00FB6B56 /* MainCell.xib */ = {isa = PBXFileReference; lastKnownFileType = file.xib; path = MainCell.xib; sourceTree = "<group>"; };
		87AAF41B2B75151200FB6B56 /* NotificationV5Cell.xib */ = {isa = PBXFileReference; fileEncoding = 4; lastKnownFileType = file.xib; path = NotificationV5Cell.xib; sourceTree = "<group>"; };
		87AAF41C2B75151200FB6B56 /* NotificationV5Cell.swift */ = {isa = PBXFileReference; fileEncoding = 4; lastKnownFileType = sourcecode.swift; path = NotificationV5Cell.swift; sourceTree = "<group>"; };
		87C5C4D62B63B45A009C32A9 /* NestedScrollView.swift */ = {isa = PBXFileReference; fileEncoding = 4; lastKnownFileType = sourcecode.swift; path = NestedScrollView.swift; sourceTree = "<group>"; };
		87CD1AE82B60ECFE00DAFD90 /* NewUITest.app */ = {isa = PBXFileReference; explicitFileType = wrapper.application; includeInIndex = 0; path = NewUITest.app; sourceTree = BUILT_PRODUCTS_DIR; };
		87CD1AEB2B60ECFE00DAFD90 /* AppDelegate.swift */ = {isa = PBXFileReference; lastKnownFileType = sourcecode.swift; path = AppDelegate.swift; sourceTree = "<group>"; };
		87CD1AED2B60ECFE00DAFD90 /* SceneDelegate.swift */ = {isa = PBXFileReference; lastKnownFileType = sourcecode.swift; path = SceneDelegate.swift; sourceTree = "<group>"; };
		87CD1AF22B60ECFE00DAFD90 /* Base */ = {isa = PBXFileReference; lastKnownFileType = file.storyboard; name = Base; path = Base.lproj/Main.storyboard; sourceTree = "<group>"; };
		87CD1AF42B60ED0000DAFD90 /* Assets.xcassets */ = {isa = PBXFileReference; lastKnownFileType = folder.assetcatalog; path = Assets.xcassets; sourceTree = "<group>"; };
		87CD1AF72B60ED0000DAFD90 /* Base */ = {isa = PBXFileReference; lastKnownFileType = file.storyboard; name = Base; path = Base.lproj/LaunchScreen.storyboard; sourceTree = "<group>"; };
		87CD1AF92B60ED0000DAFD90 /* Info.plist */ = {isa = PBXFileReference; lastKnownFileType = text.plist.xml; path = Info.plist; sourceTree = "<group>"; };
		87CD1B002B60F75000DAFD90 /* LMPhotoShowCell.xib */ = {isa = PBXFileReference; fileEncoding = 4; lastKnownFileType = file.xib; path = LMPhotoShowCell.xib; sourceTree = "<group>"; };
		87CD1B012B60F75000DAFD90 /* LMPhotoShowVC.swift */ = {isa = PBXFileReference; fileEncoding = 4; lastKnownFileType = sourcecode.swift; path = LMPhotoShowVC.swift; sourceTree = "<group>"; };
		87CD1B022B60F75000DAFD90 /* LMPhotoShowCell.swift */ = {isa = PBXFileReference; fileEncoding = 4; lastKnownFileType = sourcecode.swift; path = LMPhotoShowCell.swift; sourceTree = "<group>"; };
		87CD1B062B60F78E00DAFD90 /* WaterFallFlowLayout.swift */ = {isa = PBXFileReference; fileEncoding = 4; lastKnownFileType = sourcecode.swift; path = WaterFallFlowLayout.swift; sourceTree = "<group>"; };
		87D4AE342B8523C900D39FA0 /* LMDropView.swift */ = {isa = PBXFileReference; lastKnownFileType = sourcecode.swift; path = LMDropView.swift; sourceTree = "<group>"; };
		A1970A14F15F3414A081832D /* Pods-NewUITest.release.xcconfig */ = {isa = PBXFileReference; includeInIndex = 1; lastKnownFileType = text.xcconfig; name = "Pods-NewUITest.release.xcconfig"; path = "Target Support Files/Pods-NewUITest/Pods-NewUITest.release.xcconfig"; sourceTree = "<group>"; };
		B10F6D1317F476181FE714CC /* Pods-NewUITest.debug.xcconfig */ = {isa = PBXFileReference; includeInIndex = 1; lastKnownFileType = text.xcconfig; name = "Pods-NewUITest.debug.xcconfig"; path = "Target Support Files/Pods-NewUITest/Pods-NewUITest.debug.xcconfig"; sourceTree = "<group>"; };
/* End PBXFileReference section */

/* Begin PBXFrameworksBuildPhase section */
		87CD1AE52B60ECFE00DAFD90 /* Frameworks */ = {
			isa = PBXFrameworksBuildPhase;
			buildActionMask = 2147483647;
			files = (
				A81E56B1F4EBA71A15B17410 /* Pods_NewUITest.framework in Frameworks */,
			);
			runOnlyForDeploymentPostprocessing = 0;
		};
/* End PBXFrameworksBuildPhase section */

/* Begin PBXGroup section */
		10C692E2352B047468589DA1 /* Pods */ = {
			isa = PBXGroup;
			children = (
				B10F6D1317F476181FE714CC /* Pods-NewUITest.debug.xcconfig */,
				A1970A14F15F3414A081832D /* Pods-NewUITest.release.xcconfig */,
			);
			path = Pods;
			sourceTree = "<group>";
		};
		876EC4312B9055A8009D0DDD /* DatePicker */ = {
			isa = PBXGroup;
			children = (
				876EC4322B9055B7009D0DDD /* DatePicker.swift */,
			);
			path = DatePicker;
			sourceTree = "<group>";
		};
		87C5C4D52B63B45A009C32A9 /* NestedScrollView */ = {
			isa = PBXGroup;
			children = (
				87C5C4D62B63B45A009C32A9 /* NestedScrollView.swift */,
			);
			path = NestedScrollView;
			sourceTree = "<group>";
		};
		87CD1ADF2B60ECFE00DAFD90 = {
			isa = PBXGroup;
			children = (
				87CD1AEA2B60ECFE00DAFD90 /* NewUITest */,
				87CD1AE92B60ECFE00DAFD90 /* Products */,
				10C692E2352B047468589DA1 /* Pods */,
				C43D38C38AFA7C60DBE29A08 /* Frameworks */,
			);
			sourceTree = "<group>";
		};
		87CD1AE92B60ECFE00DAFD90 /* Products */ = {
			isa = PBXGroup;
			children = (
				87CD1AE82B60ECFE00DAFD90 /* NewUITest.app */,
			);
			name = Products;
			sourceTree = "<group>";
		};
		87CD1AEA2B60ECFE00DAFD90 /* NewUITest */ = {
			isa = PBXGroup;
			children = (
				876EC4312B9055A8009D0DDD /* DatePicker */,
				87D4AE332B8523BD00D39FA0 /* DropView */,
				87C5C4D52B63B45A009C32A9 /* NestedScrollView */,
				87CD1AFF2B60F75000DAFD90 /* PhotoShow */,
				87CD1AEB2B60ECFE00DAFD90 /* AppDelegate.swift */,
				87CD1AED2B60ECFE00DAFD90 /* SceneDelegate.swift */,
				87AAF4152B75100000FB6B56 /* MainVC.swift */,
				87A0F0012B7CB62B00011699 /* ContentVC.swift */,
				87A0EFFD2B7CB50300011699 /* PopVC.swift */,
				87A0EFFF2B7CB53D00011699 /* PopVC.storyboard */,
				87AAF4172B75108D00FB6B56 /* MainCell.swift */,
				87AAF4192B7510BB00FB6B56 /* MainCell.xib */,
				87AAF41C2B75151200FB6B56 /* NotificationV5Cell.swift */,
				87AAF41B2B75151200FB6B56 /* NotificationV5Cell.xib */,
				87CD1AF12B60ECFE00DAFD90 /* Main.storyboard */,
				87CD1AF42B60ED0000DAFD90 /* Assets.xcassets */,
				87CD1AF62B60ED0000DAFD90 /* LaunchScreen.storyboard */,
				87CD1AF92B60ED0000DAFD90 /* Info.plist */,
			);
			path = NewUITest;
			sourceTree = "<group>";
		};
		87CD1AFF2B60F75000DAFD90 /* PhotoShow */ = {
			isa = PBXGroup;
			children = (
				87CD1B062B60F78E00DAFD90 /* WaterFallFlowLayout.swift */,
				87CD1B002B60F75000DAFD90 /* LMPhotoShowCell.xib */,
				87CD1B012B60F75000DAFD90 /* LMPhotoShowVC.swift */,
				87CD1B022B60F75000DAFD90 /* LMPhotoShowCell.swift */,
			);
			path = PhotoShow;
			sourceTree = "<group>";
		};
		87D4AE332B8523BD00D39FA0 /* DropView */ = {
			isa = PBXGroup;
			children = (
				87D4AE342B8523C900D39FA0 /* LMDropView.swift */,
			);
			path = DropView;
			sourceTree = "<group>";
		};
		C43D38C38AFA7C60DBE29A08 /* Frameworks */ = {
			isa = PBXGroup;
			children = (
				3BB6C01C3ECE8D5547DD6805 /* Pods_NewUITest.framework */,
			);
			name = Frameworks;
			sourceTree = "<group>";
		};
/* End PBXGroup section */

/* Begin PBXNativeTarget section */
		87CD1AE72B60ECFE00DAFD90 /* NewUITest */ = {
			isa = PBXNativeTarget;
			buildConfigurationList = 87CD1AFC2B60ED0000DAFD90 /* Build configuration list for PBXNativeTarget "NewUITest" */;
			buildPhases = (
				93E9B63C0DEB416287E85295 /* [CP] Check Pods Manifest.lock */,
				87CD1AE42B60ECFE00DAFD90 /* Sources */,
				87CD1AE52B60ECFE00DAFD90 /* Frameworks */,
				87CD1AE62B60ECFE00DAFD90 /* Resources */,
				998F8D44C797EA10FC7B6A96 /* [CP] Embed Pods Frameworks */,
			);
			buildRules = (
			);
			dependencies = (
			);
			name = NewUITest;
			productName = NewUITest;
			productReference = 87CD1AE82B60ECFE00DAFD90 /* NewUITest.app */;
			productType = "com.apple.product-type.application";
		};
/* End PBXNativeTarget section */

/* Begin PBXProject section */
		87CD1AE02B60ECFE00DAFD90 /* Project object */ = {
			isa = PBXProject;
			attributes = {
				BuildIndependentTargetsInParallel = 1;
				LastSwiftUpdateCheck = 1500;
				LastUpgradeCheck = 1500;
				TargetAttributes = {
					87CD1AE72B60ECFE00DAFD90 = {
						CreatedOnToolsVersion = 15.0.1;
					};
				};
			};
			buildConfigurationList = 87CD1AE32B60ECFE00DAFD90 /* Build configuration list for PBXProject "NewUITest" */;
			compatibilityVersion = "Xcode 14.0";
			developmentRegion = en;
			hasScannedForEncodings = 0;
			knownRegions = (
				en,
				Base,
			);
			mainGroup = 87CD1ADF2B60ECFE00DAFD90;
			productRefGroup = 87CD1AE92B60ECFE00DAFD90 /* Products */;
			projectDirPath = "";
			projectRoot = "";
			targets = (
				87CD1AE72B60ECFE00DAFD90 /* NewUITest */,
			);
		};
/* End PBXProject section */

/* Begin PBXResourcesBuildPhase section */
		87CD1AE62B60ECFE00DAFD90 /* Resources */ = {
			isa = PBXResourcesBuildPhase;
			buildActionMask = 2147483647;
			files = (
				87CD1B032B60F75000DAFD90 /* LMPhotoShowCell.xib in Resources */,
				87AAF41D2B75151200FB6B56 /* NotificationV5Cell.xib in Resources */,
				87CD1AF82B60ED0000DAFD90 /* LaunchScreen.storyboard in Resources */,
				87CD1AF52B60ED0000DAFD90 /* Assets.xcassets in Resources */,
				87A0F0002B7CB53D00011699 /* PopVC.storyboard in Resources */,
				87CD1AF32B60ECFE00DAFD90 /* Main.storyboard in Resources */,
				87AAF41A2B7510BB00FB6B56 /* MainCell.xib in Resources */,
			);
			runOnlyForDeploymentPostprocessing = 0;
		};
/* End PBXResourcesBuildPhase section */

/* Begin PBXShellScriptBuildPhase section */
		93E9B63C0DEB416287E85295 /* [CP] Check Pods Manifest.lock */ = {
			isa = PBXShellScriptBuildPhase;
			buildActionMask = 2147483647;
			files = (
			);
			inputFileListPaths = (
			);
			inputPaths = (
				"${PODS_PODFILE_DIR_PATH}/Podfile.lock",
				"${PODS_ROOT}/Manifest.lock",
			);
			name = "[CP] Check Pods Manifest.lock";
			outputFileListPaths = (
			);
			outputPaths = (
				"$(DERIVED_FILE_DIR)/Pods-NewUITest-checkManifestLockResult.txt",
			);
			runOnlyForDeploymentPostprocessing = 0;
			shellPath = /bin/sh;
			shellScript = "diff \"${PODS_PODFILE_DIR_PATH}/Podfile.lock\" \"${PODS_ROOT}/Manifest.lock\" > /dev/null\nif [ $? != 0 ] ; then\n    # print error to STDERR\n    echo \"error: The sandbox is not in sync with the Podfile.lock. Run 'pod install' or update your CocoaPods installation.\" >&2\n    exit 1\nfi\n# This output is used by Xcode 'outputs' to avoid re-running this script phase.\necho \"SUCCESS\" > \"${SCRIPT_OUTPUT_FILE_0}\"\n";
			showEnvVarsInLog = 0;
		};
		998F8D44C797EA10FC7B6A96 /* [CP] Embed Pods Frameworks */ = {
			isa = PBXShellScriptBuildPhase;
			buildActionMask = 2147483647;
			files = (
			);
			inputFileListPaths = (
				"${PODS_ROOT}/Target Support Files/Pods-NewUITest/Pods-NewUITest-frameworks-${CONFIGURATION}-input-files.xcfilelist",
			);
			name = "[CP] Embed Pods Frameworks";
			outputFileListPaths = (
				"${PODS_ROOT}/Target Support Files/Pods-NewUITest/Pods-NewUITest-frameworks-${CONFIGURATION}-output-files.xcfilelist",
			);
			runOnlyForDeploymentPostprocessing = 0;
			shellPath = /bin/sh;
			shellScript = "\"${PODS_ROOT}/Target Support Files/Pods-NewUITest/Pods-NewUITest-frameworks.sh\"\n";
			showEnvVarsInLog = 0;
		};
/* End PBXShellScriptBuildPhase section */

/* Begin PBXSourcesBuildPhase section */
		87CD1AE42B60ECFE00DAFD90 /* Sources */ = {
			isa = PBXSourcesBuildPhase;
			buildActionMask = 2147483647;
			files = (
				87A0F0022B7CB62B00011699 /* ContentVC.swift in Sources */,
				87CD1B072B60F78E00DAFD90 /* WaterFallFlowLayout.swift in Sources */,
				87CD1AEC2B60ECFE00DAFD90 /* AppDelegate.swift in Sources */,
				87C5C4D72B63B45A009C32A9 /* NestedScrollView.swift in Sources */,
				87D4AE352B8523C900D39FA0 /* LMDropView.swift in Sources */,
				87CD1AEE2B60ECFE00DAFD90 /* SceneDelegate.swift in Sources */,
				87CD1B042B60F75000DAFD90 /* LMPhotoShowVC.swift in Sources */,
				876EC4332B9055B7009D0DDD /* DatePicker.swift in Sources */,
				87CD1B052B60F75000DAFD90 /* LMPhotoShowCell.swift in Sources */,
				87AAF41E2B75151200FB6B56 /* NotificationV5Cell.swift in Sources */,
				87AAF4182B75108D00FB6B56 /* MainCell.swift in Sources */,
				87A0EFFE2B7CB50300011699 /* PopVC.swift in Sources */,
				87AAF4162B75100000FB6B56 /* MainVC.swift in Sources */,
			);
			runOnlyForDeploymentPostprocessing = 0;
		};
/* End PBXSourcesBuildPhase section */

/* Begin PBXVariantGroup section */
		87CD1AF12B60ECFE00DAFD90 /* Main.storyboard */ = {
			isa = PBXVariantGroup;
			children = (
				87CD1AF22B60ECFE00DAFD90 /* Base */,
			);
			name = Main.storyboard;
			sourceTree = "<group>";
		};
		87CD1AF62B60ED0000DAFD90 /* LaunchScreen.storyboard */ = {
			isa = PBXVariantGroup;
			children = (
				87CD1AF72B60ED0000DAFD90 /* Base */,
			);
			name = LaunchScreen.storyboard;
			sourceTree = "<group>";
		};
/* End PBXVariantGroup section */

/* Begin XCBuildConfiguration section */
		87CD1AFA2B60ED0000DAFD90 /* Debug */ = {
			isa = XCBuildConfiguration;
			buildSettings = {
				ALWAYS_SEARCH_USER_PATHS = NO;
				ASSETCATALOG_COMPILER_GENERATE_SWIFT_ASSET_SYMBOL_EXTENSIONS = YES;
				CLANG_ANALYZER_NONNULL = YES;
				CLANG_ANALYZER_NUMBER_OBJECT_CONVERSION = YES_AGGRESSIVE;
				CLANG_CXX_LANGUAGE_STANDARD = "gnu++20";
				CLANG_ENABLE_MODULES = YES;
				CLANG_ENABLE_OBJC_ARC = YES;
				CLANG_ENABLE_OBJC_WEAK = YES;
				CLANG_WARN_BLOCK_CAPTURE_AUTORELEASING = YES;
				CLANG_WARN_BOOL_CONVERSION = YES;
				CLANG_WARN_COMMA = YES;
				CLANG_WARN_CONSTANT_CONVERSION = YES;
				CLANG_WARN_DEPRECATED_OBJC_IMPLEMENTATIONS = YES;
				CLANG_WARN_DIRECT_OBJC_ISA_USAGE = YES_ERROR;
				CLANG_WARN_DOCUMENTATION_COMMENTS = YES;
				CLANG_WARN_EMPTY_BODY = YES;
				CLANG_WARN_ENUM_CONVERSION = YES;
				CLANG_WARN_INFINITE_RECURSION = YES;
				CLANG_WARN_INT_CONVERSION = YES;
				CLANG_WARN_NON_LITERAL_NULL_CONVERSION = YES;
				CLANG_WARN_OBJC_IMPLICIT_RETAIN_SELF = YES;
				CLANG_WARN_OBJC_LITERAL_CONVERSION = YES;
				CLANG_WARN_OBJC_ROOT_CLASS = YES_ERROR;
				CLANG_WARN_QUOTED_INCLUDE_IN_FRAMEWORK_HEADER = YES;
				CLANG_WARN_RANGE_LOOP_ANALYSIS = YES;
				CLANG_WARN_STRICT_PROTOTYPES = YES;
				CLANG_WARN_SUSPICIOUS_MOVE = YES;
				CLANG_WARN_UNGUARDED_AVAILABILITY = YES_AGGRESSIVE;
				CLANG_WARN_UNREACHABLE_CODE = YES;
				CLANG_WARN__DUPLICATE_METHOD_MATCH = YES;
				COPY_PHASE_STRIP = NO;
				DEBUG_INFORMATION_FORMAT = dwarf;
				ENABLE_STRICT_OBJC_MSGSEND = YES;
				ENABLE_TESTABILITY = YES;
				ENABLE_USER_SCRIPT_SANDBOXING = YES;
				GCC_C_LANGUAGE_STANDARD = gnu17;
				GCC_DYNAMIC_NO_PIC = NO;
				GCC_NO_COMMON_BLOCKS = YES;
				GCC_OPTIMIZATION_LEVEL = 0;
				GCC_PREPROCESSOR_DEFINITIONS = (
					"DEBUG=1",
					"$(inherited)",
				);
				GCC_WARN_64_TO_32_BIT_CONVERSION = YES;
				GCC_WARN_ABOUT_RETURN_TYPE = YES_ERROR;
				GCC_WARN_UNDECLARED_SELECTOR = YES;
				GCC_WARN_UNINITIALIZED_AUTOS = YES_AGGRESSIVE;
				GCC_WARN_UNUSED_FUNCTION = YES;
				GCC_WARN_UNUSED_VARIABLE = YES;
				IPHONEOS_DEPLOYMENT_TARGET = 17.0;
				LOCALIZATION_PREFERS_STRING_CATALOGS = YES;
				MTL_ENABLE_DEBUG_INFO = INCLUDE_SOURCE;
				MTL_FAST_MATH = YES;
				ONLY_ACTIVE_ARCH = YES;
				SDKROOT = iphoneos;
				SWIFT_ACTIVE_COMPILATION_CONDITIONS = "DEBUG $(inherited)";
				SWIFT_OPTIMIZATION_LEVEL = "-Onone";
			};
			name = Debug;
		};
		87CD1AFB2B60ED0000DAFD90 /* Release */ = {
			isa = XCBuildConfiguration;
			buildSettings = {
				ALWAYS_SEARCH_USER_PATHS = NO;
				ASSETCATALOG_COMPILER_GENERATE_SWIFT_ASSET_SYMBOL_EXTENSIONS = YES;
				CLANG_ANALYZER_NONNULL = YES;
				CLANG_ANALYZER_NUMBER_OBJECT_CONVERSION = YES_AGGRESSIVE;
				CLANG_CXX_LANGUAGE_STANDARD = "gnu++20";
				CLANG_ENABLE_MODULES = YES;
				CLANG_ENABLE_OBJC_ARC = YES;
				CLANG_ENABLE_OBJC_WEAK = YES;
				CLANG_WARN_BLOCK_CAPTURE_AUTORELEASING = YES;
				CLANG_WARN_BOOL_CONVERSION = YES;
				CLANG_WARN_COMMA = YES;
				CLANG_WARN_CONSTANT_CONVERSION = YES;
				CLANG_WARN_DEPRECATED_OBJC_IMPLEMENTATIONS = YES;
				CLANG_WARN_DIRECT_OBJC_ISA_USAGE = YES_ERROR;
				CLANG_WARN_DOCUMENTATION_COMMENTS = YES;
				CLANG_WARN_EMPTY_BODY = YES;
				CLANG_WARN_ENUM_CONVERSION = YES;
				CLANG_WARN_INFINITE_RECURSION = YES;
				CLANG_WARN_INT_CONVERSION = YES;
				CLANG_WARN_NON_LITERAL_NULL_CONVERSION = YES;
				CLANG_WARN_OBJC_IMPLICIT_RETAIN_SELF = YES;
				CLANG_WARN_OBJC_LITERAL_CONVERSION = YES;
				CLANG_WARN_OBJC_ROOT_CLASS = YES_ERROR;
				CLANG_WARN_QUOTED_INCLUDE_IN_FRAMEWORK_HEADER = YES;
				CLANG_WARN_RANGE_LOOP_ANALYSIS = YES;
				CLANG_WARN_STRICT_PROTOTYPES = YES;
				CLANG_WARN_SUSPICIOUS_MOVE = YES;
				CLANG_WARN_UNGUARDED_AVAILABILITY = YES_AGGRESSIVE;
				CLANG_WARN_UNREACHABLE_CODE = YES;
				CLANG_WARN__DUPLICATE_METHOD_MATCH = YES;
				COPY_PHASE_STRIP = NO;
				DEBUG_INFORMATION_FORMAT = "dwarf-with-dsym";
				ENABLE_NS_ASSERTIONS = NO;
				ENABLE_STRICT_OBJC_MSGSEND = YES;
				ENABLE_USER_SCRIPT_SANDBOXING = YES;
				GCC_C_LANGUAGE_STANDARD = gnu17;
				GCC_NO_COMMON_BLOCKS = YES;
				GCC_WARN_64_TO_32_BIT_CONVERSION = YES;
				GCC_WARN_ABOUT_RETURN_TYPE = YES_ERROR;
				GCC_WARN_UNDECLARED_SELECTOR = YES;
				GCC_WARN_UNINITIALIZED_AUTOS = YES_AGGRESSIVE;
				GCC_WARN_UNUSED_FUNCTION = YES;
				GCC_WARN_UNUSED_VARIABLE = YES;
				IPHONEOS_DEPLOYMENT_TARGET = 17.0;
				LOCALIZATION_PREFERS_STRING_CATALOGS = YES;
				MTL_ENABLE_DEBUG_INFO = NO;
				MTL_FAST_MATH = YES;
				SDKROOT = iphoneos;
				SWIFT_COMPILATION_MODE = wholemodule;
				VALIDATE_PRODUCT = YES;
			};
			name = Release;
		};
		87CD1AFD2B60ED0000DAFD90 /* Debug */ = {
			isa = XCBuildConfiguration;
			baseConfigurationReference = B10F6D1317F476181FE714CC /* Pods-NewUITest.debug.xcconfig */;
			buildSettings = {
				ASSETCATALOG_COMPILER_APPICON_NAME = AppIcon;
				ASSETCATALOG_COMPILER_GLOBAL_ACCENT_COLOR_NAME = AccentColor;
				CODE_SIGN_STYLE = Automatic;
				CURRENT_PROJECT_VERSION = 1;
				DEVELOPMENT_TEAM = A7H6PE5VV4;
				ENABLE_USER_SCRIPT_SANDBOXING = NO;
				GENERATE_INFOPLIST_FILE = YES;
				INFOPLIST_FILE = NewUITest/Info.plist;
				INFOPLIST_KEY_UIApplicationSupportsIndirectInputEvents = YES;
				INFOPLIST_KEY_UILaunchStoryboardName = LaunchScreen;
				INFOPLIST_KEY_UIMainStoryboardFile = Main;
				INFOPLIST_KEY_UISupportedInterfaceOrientations_iPad = "UIInterfaceOrientationPortrait UIInterfaceOrientationPortraitUpsideDown UIInterfaceOrientationLandscapeLeft UIInterfaceOrientationLandscapeRight";
				INFOPLIST_KEY_UISupportedInterfaceOrientations_iPhone = "UIInterfaceOrientationPortrait UIInterfaceOrientationLandscapeLeft UIInterfaceOrientationLandscapeRight";
				IPHONEOS_DEPLOYMENT_TARGET = 16.6;
				LD_RUNPATH_SEARCH_PATHS = (
					"$(inherited)",
					"@executable_path/Frameworks",
				);
				MARKETING_VERSION = 1.0;
				PRODUCT_BUNDLE_IDENTIFIER = com.newuitest.lim.NewUITest;
				PRODUCT_NAME = "$(TARGET_NAME)";
				SWIFT_EMIT_LOC_STRINGS = YES;
				SWIFT_VERSION = 5.0;
				TARGETED_DEVICE_FAMILY = "1,2";
			};
			name = Debug;
		};
		87CD1AFE2B60ED0000DAFD90 /* Release */ = {
			isa = XCBuildConfiguration;
			baseConfigurationReference = A1970A14F15F3414A081832D /* Pods-NewUITest.release.xcconfig */;
			buildSettings = {
				ASSETCATALOG_COMPILER_APPICON_NAME = AppIcon;
				ASSETCATALOG_COMPILER_GLOBAL_ACCENT_COLOR_NAME = AccentColor;
				CODE_SIGN_STYLE = Automatic;
				CURRENT_PROJECT_VERSION = 1;
				DEVELOPMENT_TEAM = A7H6PE5VV4;
				ENABLE_USER_SCRIPT_SANDBOXING = NO;
				GENERATE_INFOPLIST_FILE = YES;
				INFOPLIST_FILE = NewUITest/Info.plist;
				INFOPLIST_KEY_UIApplicationSupportsIndirectInputEvents = YES;
				INFOPLIST_KEY_UILaunchStoryboardName = LaunchScreen;
				INFOPLIST_KEY_UIMainStoryboardFile = Main;
				INFOPLIST_KEY_UISupportedInterfaceOrientations_iPad = "UIInterfaceOrientationPortrait UIInterfaceOrientationPortraitUpsideDown UIInterfaceOrientationLandscapeLeft UIInterfaceOrientationLandscapeRight";
				INFOPLIST_KEY_UISupportedInterfaceOrientations_iPhone = "UIInterfaceOrientationPortrait UIInterfaceOrientationLandscapeLeft UIInterfaceOrientationLandscapeRight";
				IPHONEOS_DEPLOYMENT_TARGET = 16.6;
				LD_RUNPATH_SEARCH_PATHS = (
					"$(inherited)",
					"@executable_path/Frameworks",
				);
				MARKETING_VERSION = 1.0;
				PRODUCT_BUNDLE_IDENTIFIER = com.newuitest.lim.NewUITest;
				PRODUCT_NAME = "$(TARGET_NAME)";
				SWIFT_EMIT_LOC_STRINGS = YES;
				SWIFT_VERSION = 5.0;
				TARGETED_DEVICE_FAMILY = "1,2";
			};
			name = Release;
		};
/* End XCBuildConfiguration section */

/* Begin XCConfigurationList section */
		87CD1AE32B60ECFE00DAFD90 /* Build configuration list for PBXProject "NewUITest" */ = {
			isa = XCConfigurationList;
			buildConfigurations = (
				87CD1AFA2B60ED0000DAFD90 /* Debug */,
				87CD1AFB2B60ED0000DAFD90 /* Release */,
			);
			defaultConfigurationIsVisible = 0;
			defaultConfigurationName = Release;
		};
		87CD1AFC2B60ED0000DAFD90 /* Build configuration list for PBXNativeTarget "NewUITest" */ = {
			isa = XCConfigurationList;
			buildConfigurations = (
				87CD1AFD2B60ED0000DAFD90 /* Debug */,
				87CD1AFE2B60ED0000DAFD90 /* Release */,
			);
			defaultConfigurationIsVisible = 0;
			defaultConfigurationName = Release;
		};
/* End XCConfigurationList section */
	};
	rootObject = 87CD1AE02B60ECFE00DAFD90 /* Project object */;
}
